<?xml version="1.0" encoding="utf-8"?>
<Project ToolsVersion="4.0" xmlns="http://schemas.microsoft.com/developer/msbuild/2003">
  <ItemGroup>
    <Filter Include="Kernel">
      <UniqueIdentifier>{c73b5f06-f85e-4708-b021-d1ab3d4e0e13}</UniqueIdentifier>
    </Filter>
    <Filter Include="Math">
      <UniqueIdentifier>{09e4d6ce-741f-4c25-9ce2-a7f27132aa85}</UniqueIdentifier>
    </Filter>
    <Filter Include="Math\CPU">
      <UniqueIdentifier>{16088320-f02c-4549-a9f4-bdd4aba3e794}</UniqueIdentifier>
    </Filter>
    <Filter Include="Math\STLext">
      <UniqueIdentifier>{2ff96087-4b06-4f5d-9ba5-06f5bb180b5e}</UniqueIdentifier>
    </Filter>
    <Filter Include="Math\Extensions">
      <UniqueIdentifier>{06a96ad9-d7ec-42d3-98f8-bbb05b4394d3}</UniqueIdentifier>
    </Filter>
    <Filter Include="FS">
      <UniqueIdentifier>{63e68e7a-c596-4738-832d-09111f8e820e}</UniqueIdentifier>
    </Filter>
    <Filter Include="FS\stream_reader">
      <UniqueIdentifier>{238c279b-35b3-4020-9b4a-88cd2fd59fb9}</UniqueIdentifier>
    </Filter>
    <Filter Include="FS\file_stream_reader">
      <UniqueIdentifier>{9f0fc933-4c14-499f-aa53-2ea5925a95ff}</UniqueIdentifier>
    </Filter>
    <Filter Include="Memory manager">
      <UniqueIdentifier>{81d1abe0-ea7c-48a1-b94a-8f3d613105e6}</UniqueIdentifier>
    </Filter>
    <Filter Include="Debug core">
      <UniqueIdentifier>{2c91fb99-72c9-40ef-9173-1461f2e03a18}</UniqueIdentifier>
    </Filter>
    <Filter Include="Debug core\BlackBox">
      <UniqueIdentifier>{39b82954-91ee-48bd-91d8-6ddeb389e3c1}</UniqueIdentifier>
    </Filter>
    <Filter Include="shared memory/string library">
      <UniqueIdentifier>{6836d79a-ee96-4c0d-9217-0113a0f18a48}</UniqueIdentifier>
    </Filter>
    <Filter Include="intrusive_ptr">
      <UniqueIdentifier>{e9cd533a-eada-44c7-89e0-5d34d4ad70b0}</UniqueIdentifier>
    </Filter>
    <Filter Include="memory_monitor">
      <UniqueIdentifier>{c3da70ef-d9b4-4614-8313-a6f3ec151615}</UniqueIdentifier>
    </Filter>
    <Filter Include="Compression">
      <UniqueIdentifier>{bbd04c7a-1b0c-46e8-b67d-bfb55f04ef02}</UniqueIdentifier>
    </Filter>
    <Filter Include="Compression\rt">
      <UniqueIdentifier>{d65b3937-39c3-4c16-93d9-1c21125b59af}</UniqueIdentifier>
    </Filter>
    <Filter Include="Compression\lz">
      <UniqueIdentifier>{51ed1fcf-2fcb-4589-8340-b6e81ff60443}</UniqueIdentifier>
    </Filter>
    <Filter Include="Compression\lzo">
      <UniqueIdentifier>{f03efa20-de34-40f9-82a0-d41c32c2bd5f}</UniqueIdentifier>
    </Filter>
    <Filter Include="Compression\PPMd">
      <UniqueIdentifier>{8ef45101-804b-4b3e-a075-f6c9ab9a47cb}</UniqueIdentifier>
    </Filter>
    <Filter Include="Compression\PPMd\common">
      <UniqueIdentifier>{41b956b9-c562-4a3a-a595-b0235473089e}</UniqueIdentifier>
    </Filter>
    <Filter Include="Compression\PPMd\core">
      <UniqueIdentifier>{1b396ef0-0ddd-4e89-89ec-bdbcae1ebdf0}</UniqueIdentifier>
    </Filter>
    <Filter Include="Compression\PPMd\core\allocator">
      <UniqueIdentifier>{e2463968-32a8-48a5-82df-9ef9e19b3233}</UniqueIdentifier>
    </Filter>
    <Filter Include="Compression\PPMd\stream">
      <UniqueIdentifier>{faf4b88f-246a-46f7-a427-3a215df467b7}</UniqueIdentifier>
    </Filter>
  </ItemGroup>
  <ItemGroup>
    <ClCompile Include="FTimer.cpp">
      <Filter>Kernel</Filter>
    </ClCompile>
    <ClCompile Include="stdafx.cpp">
      <Filter>Kernel</Filter>
    </ClCompile>
    <ClCompile Include="xrCore.cpp">
      <Filter>Kernel</Filter>
    </ClCompile>
    <ClCompile Include="_compressed_normal.cpp">
      <Filter>Math</Filter>
    </ClCompile>
    <ClCompile Include="_math.cpp">
      <Filter>Math</Filter>
    </ClCompile>
    <ClCompile Include="_sphere.cpp">
      <Filter>Math</Filter>
    </ClCompile>
    <ClCompile Include="cpuid.cpp">
      <Filter>Math\CPU</Filter>
    </ClCompile>
    <ClCompile Include="_std_extensions.cpp">
      <Filter>Math\Extensions</Filter>
    </ClCompile>
    <ClCompile Include="clsid.cpp">
      <Filter>Math\Extensions</Filter>
    </ClCompile>
    <ClCompile Include="xr_trims.cpp">
      <Filter>Math\Extensions</Filter>
    </ClCompile>
    <ClCompile Include="FileSystem.cpp">
      <Filter>FS</Filter>
    </ClCompile>
    <ClCompile Include="FS.cpp">
      <Filter>FS</Filter>
    </ClCompile>
    <ClCompile Include="LocatorAPI.cpp">
      <Filter>FS</Filter>
    </ClCompile>
    <ClCompile Include="LocatorAPI_auth.cpp">
      <Filter>FS</Filter>
    </ClCompile>
    <ClCompile Include="LocatorAPI_defs.cpp">
      <Filter>FS</Filter>
    </ClCompile>
    <ClCompile Include="log.cpp">
      <Filter>FS</Filter>
    </ClCompile>
    <ClCompile Include="xr_ini.cpp">
      <Filter>FS</Filter>
    </ClCompile>
    <ClCompile Include="stream_reader.cpp">
      <Filter>FS\stream_reader</Filter>
    </ClCompile>
    <ClCompile Include="file_stream_reader.cpp">
      <Filter>FS\file_stream_reader</Filter>
    </ClCompile>
    <ClCompile Include="memory_allocation_stats.cpp">
      <Filter>Memory manager</Filter>
    </ClCompile>
    <ClCompile Include="memory_usage.cpp">
      <Filter>Memory manager</Filter>
    </ClCompile>
    <ClCompile Include="xrMemory.cpp">
      <Filter>Memory manager</Filter>
    </ClCompile>
    <ClCompile Include="xrMemory_align.cpp">
      <Filter>Memory manager</Filter>
    </ClCompile>
    <ClCompile Include="xrMemory_debug.cpp">
      <Filter>Memory manager</Filter>
    </ClCompile>
    <ClCompile Include="xrMemory_POOL.cpp">
      <Filter>Memory manager</Filter>
    </ClCompile>
    <ClCompile Include="xrMemory_pso_Copy.cpp">
      <Filter>Memory manager</Filter>
    </ClCompile>
    <ClCompile Include="xrMemory_pso_Fill.cpp">
      <Filter>Memory manager</Filter>
    </ClCompile>
    <ClCompile Include="xrMemory_pso_Fill32.cpp">
      <Filter>Memory manager</Filter>
    </ClCompile>
    <ClCompile Include="xrMemory_subst_msvc.cpp">
      <Filter>Memory manager</Filter>
    </ClCompile>
    <ClCompile Include="xrDebugNew.cpp">
      <Filter>Debug core</Filter>
    </ClCompile>
    <ClCompile Include="blackbox\BlackBoxUI.cpp">
      <Filter>Debug core\BlackBox</Filter>
    </ClCompile>
    <ClCompile Include="blackbox\BSUFunctions.cpp">
      <Filter>Debug core\BlackBox</Filter>
    </ClCompile>
    <ClCompile Include="blackbox\CrashHandler.cpp">
      <Filter>Debug core\BlackBox</Filter>
    </ClCompile>
    <ClCompile Include="blackbox\DiagAssert.cpp">
      <Filter>Debug core\BlackBox</Filter>
    </ClCompile>
    <ClCompile Include="blackbox\GetLoadedModules.cpp">
      <Filter>Debug core\BlackBox</Filter>
    </ClCompile>
    <ClCompile Include="blackbox\IsNT.cpp">
      <Filter>Debug core\BlackBox</Filter>
    </ClCompile>
    <ClCompile Include="blackbox\NT4ProcessInfo.cpp">
      <Filter>Debug core\BlackBox</Filter>
    </ClCompile>
    <ClCompile Include="blackbox\stdafx_.cpp">
      <Filter>Debug core\BlackBox</Filter>
    </ClCompile>
    <ClCompile Include="blackbox\TLHELPProcessInfo.cpp">
      <Filter>Debug core\BlackBox</Filter>
    </ClCompile>
    <ClCompile Include="crc32.cpp">
      <Filter>shared memory/string library</Filter>
    </ClCompile>
    <ClCompile Include="xr_shared.cpp">
      <Filter>shared memory/string library</Filter>
    </ClCompile>
    <ClCompile Include="xrsharedmem.cpp">
      <Filter>shared memory/string library</Filter>
    </ClCompile>
    <ClCompile Include="xrstring.cpp">
      <Filter>shared memory/string library</Filter>
    </ClCompile>
    <ClCompile Include="memory_monitor.cpp">
      <Filter>memory_monitor</Filter>
    </ClCompile>
    <ClCompile Include="PPMd_compressor.cpp">
      <Filter>Compression\PPMd</Filter>
    </ClCompile>
    <ClCompile Include="Model.cpp">
      <Filter>Compression\PPMd\core</Filter>
    </ClCompile>
    <ClCompile Include="rt_compressor.cpp">
      <Filter>Compression\rt</Filter>
    </ClCompile>
    <ClCompile Include="rt_compressor9.cpp">
      <Filter>Compression\rt</Filter>
    </ClCompile>
    <ClCompile Include="LzHuf.cpp">
      <Filter>Compression\lz</Filter>
    </ClCompile>
    <ClCompile Include="rt_lzo1x_1.cpp">
      <Filter>Compression\lzo</Filter>
    </ClCompile>
    <ClCompile Include="rt_lzo1x_9x.cpp">
      <Filter>Compression\lzo</Filter>
    </ClCompile>
    <ClCompile Include="rt_lzo1x_d1.cpp">
      <Filter>Compression\lzo</Filter>
    </ClCompile>
    <ClCompile Include="rt_lzo1x_d2.cpp">
      <Filter>Compression\lzo</Filter>
    </ClCompile>
    <ClCompile Include="rt_lzo1x_d3.cpp">
      <Filter>Compression\lzo</Filter>
    </ClCompile>
    <ClCompile Include="rt_lzo_init.cpp">
      <Filter>Compression\lzo</Filter>
    </ClCompile>
    <ClCompile Include="xrSyncronize.cpp" />
  </ItemGroup>
  <ItemGroup>
    <ClInclude Include="FTimer.h">
      <Filter>Kernel</Filter>
    </ClInclude>
    <ClInclude Include="stdafx.h">
      <Filter>Kernel</Filter>
    </ClInclude>
    <ClInclude Include="xrCore.h">
      <Filter>Kernel</Filter>
    </ClInclude>
    <ClInclude Include="xrCore_platform.h">
      <Filter>Kernel</Filter>
    </ClInclude>
    <ClInclude Include="_bitwise.h">
      <Filter>Math</Filter>
    </ClInclude>
    <ClInclude Include="_color.h">
      <Filter>Math</Filter>
    </ClInclude>
    <ClInclude Include="_compressed_normal.h">
      <Filter>Math</Filter>
    </ClInclude>
    <ClInclude Include="_cylinder.h">
      <Filter>Math</Filter>
    </ClInclude>
    <ClInclude Include="_fbox.h">
      <Filter>Math</Filter>
    </ClInclude>
    <ClInclude Include="_fbox2.h">
      <Filter>Math</Filter>
    </ClInclude>
    <ClInclude Include="_flags.h">
      <Filter>Math</Filter>
    </ClInclude>
    <ClInclude Include="_math.h">
      <Filter>Math</Filter>
    </ClInclude>
    <ClInclude Include="_matrix.h">
      <Filter>Math</Filter>
    </ClInclude>
    <ClInclude Include="_matrix33.h">
      <Filter>Math</Filter>
    </ClInclude>
    <ClInclude Include="_obb.h">
      <Filter>Math</Filter>
    </ClInclude>
    <ClInclude Include="_plane.h">
      <Filter>Math</Filter>
    </ClInclude>
    <ClInclude Include="_plane2.h">
      <Filter>Math</Filter>
    </ClInclude>
    <ClInclude Include="_quaternion.h">
      <Filter>Math</Filter>
    </ClInclude>
    <ClInclude Include="_random.h">
      <Filter>Math</Filter>
    </ClInclude>
    <ClInclude Include="_rect.h">
      <Filter>Math</Filter>
    </ClInclude>
    <ClInclude Include="_sphere.h">
      <Filter>Math</Filter>
    </ClInclude>
    <ClInclude Include="_types.h">
      <Filter>Math</Filter>
    </ClInclude>
    <ClInclude Include="_vector2.h">
      <Filter>Math</Filter>
    </ClInclude>
    <ClInclude Include="_vector3d.h">
      <Filter>Math</Filter>
    </ClInclude>
    <ClInclude Include="_vector4.h">
      <Filter>Math</Filter>
    </ClInclude>
    <ClInclude Include="vector.h">
      <Filter>Math</Filter>
    </ClInclude>
    <ClInclude Include="cpuid.h">
      <Filter>Math\CPU</Filter>
    </ClInclude>
    <ClInclude Include="FixedMap.h">
      <Filter>Math\STLext</Filter>
    </ClInclude>
    <ClInclude Include="FixedVector.h">
      <Filter>Math\STLext</Filter>
    </ClInclude>
    <ClInclude Include="xrPool.h">
      <Filter>Math\STLext</Filter>
    </ClInclude>
    <ClInclude Include="_std_extensions.h">
      <Filter>Math\Extensions</Filter>
    </ClInclude>
    <ClInclude Include="_stl_extensions.h">
      <Filter>Math\Extensions</Filter>
    </ClInclude>
    <ClInclude Include="_type_traits.h">
      <Filter>Math\Extensions</Filter>
    </ClInclude>
    <ClInclude Include="clsid.h">
      <Filter>Math\Extensions</Filter>
    </ClInclude>
    <ClInclude Include="FastDelegate.h">
      <Filter>Math\Extensions</Filter>
    </ClInclude>
    <ClInclude Include="xr_trims.h">
      <Filter>Math\Extensions</Filter>
    </ClInclude>
    <ClInclude Include="FS.h">
      <Filter>FS</Filter>
    </ClInclude>
    <ClInclude Include="FS_internal.h">
      <Filter>FS</Filter>
    </ClInclude>
    <ClInclude Include="LocatorAPI.h">
      <Filter>FS</Filter>
    </ClInclude>
    <ClInclude Include="LocatorAPI_defs.h">
      <Filter>FS</Filter>
    </ClInclude>
    <ClInclude Include="log.h">
      <Filter>FS</Filter>
    </ClInclude>
    <ClInclude Include="xr_ini.h">
      <Filter>FS</Filter>
    </ClInclude>
    <ClInclude Include="stream_reader.h">
      <Filter>FS\stream_reader</Filter>
    </ClInclude>
    <ClInclude Include="stream_reader_inline.h">
      <Filter>FS\stream_reader</Filter>
    </ClInclude>
    <ClInclude Include="file_stream_reader.h">
      <Filter>FS\file_stream_reader</Filter>
    </ClInclude>
    <ClInclude Include="xrMemory.h">
      <Filter>Memory manager</Filter>
    </ClInclude>
    <ClInclude Include="xrMemory_align.h">
      <Filter>Memory manager</Filter>
    </ClInclude>
    <ClInclude Include="xrMemory_POOL.h">
      <Filter>Memory manager</Filter>
    </ClInclude>
    <ClInclude Include="xrMemory_pso.h">
      <Filter>Memory manager</Filter>
    </ClInclude>
    <ClInclude Include="xrMemory_pure.h">
      <Filter>Memory manager</Filter>
    </ClInclude>
    <ClInclude Include="xrMemory_subst_msvc.h">
      <Filter>Memory manager</Filter>
    </ClInclude>
    <ClInclude Include="xrDebug.h">
      <Filter>Debug core</Filter>
    </ClInclude>
    <ClInclude Include="xrDebug_macros.h">
      <Filter>Debug core</Filter>
    </ClInclude>
    <ClInclude Include="blackbox\BugslayerUtil.h">
      <Filter>Debug core\BlackBox</Filter>
    </ClInclude>
    <ClInclude Include="blackbox\CrashHandler.h">
      <Filter>Debug core\BlackBox</Filter>
    </ClInclude>
    <ClInclude Include="blackbox\DiagAssert.h">
      <Filter>Debug core\BlackBox</Filter>
    </ClInclude>
    <ClInclude Include="blackbox\Internal.h">
      <Filter>Debug core\BlackBox</Filter>
    </ClInclude>
    <ClInclude Include="blackbox\stdafx_.h">
      <Filter>Debug core\BlackBox</Filter>
    </ClInclude>
    <ClInclude Include="blackbox\SymbolEngine.h">
      <Filter>Debug core\BlackBox</Filter>
    </ClInclude>
    <ClInclude Include="blackbox\WarningsOff.h">
      <Filter>Debug core\BlackBox</Filter>
    </ClInclude>
    <ClInclude Include="blackbox\WarningsOn.h">
      <Filter>Debug core\BlackBox</Filter>
    </ClInclude>
    <ClInclude Include="xr_resource.h">
      <Filter>shared memory/string library</Filter>
    </ClInclude>
    <ClInclude Include="xr_shared.h">
      <Filter>shared memory/string library</Filter>
    </ClInclude>
    <ClInclude Include="xrsharedmem.h">
      <Filter>shared memory/string library</Filter>
    </ClInclude>
    <ClInclude Include="xrstring.h">
      <Filter>shared memory/string library</Filter>
    </ClInclude>
    <ClInclude Include="intrusive_ptr.h">
      <Filter>intrusive_ptr</Filter>
    </ClInclude>
    <ClInclude Include="intrusive_ptr_inline.h">
      <Filter>intrusive_ptr</Filter>
    </ClInclude>
    <ClInclude Include="memory_monitor.h">
      <Filter>memory_monitor</Filter>
    </ClInclude>
    <ClInclude Include="PPMd_compressor.h">
      <Filter>Compression\PPMd</Filter>
    </ClInclude>
    <ClInclude Include="PPMd.h">
      <Filter>Compression\PPMd\common</Filter>
    </ClInclude>
    <ClInclude Include="PPMdType.h">
      <Filter>Compression\PPMd\common</Filter>
    </ClInclude>
    <ClInclude Include="Coder.hpp">
      <Filter>Compression\PPMd\core</Filter>
    </ClInclude>
    <ClInclude Include="SubAlloc.hpp">
      <Filter>Compression\PPMd\core\allocator</Filter>
    </ClInclude>
    <ClInclude Include="compression_PPMd_stream.h">
      <Filter>Compression\PPMd\stream</Filter>
    </ClInclude>
    <ClInclude Include="compression_PPMd_stream_inline.h">
      <Filter>Compression\PPMd\stream</Filter>
    </ClInclude>
    <ClInclude Include="rt_compressor.h">
      <Filter>Compression\rt</Filter>
    </ClInclude>
    <ClInclude Include="LzHuf.h">
      <Filter>Compression\lz</Filter>
    </ClInclude>
    <ClInclude Include="rt_config1x.h">
      <Filter>Compression\lzo</Filter>
    </ClInclude>
    <ClInclude Include="rt_lzo1x.h">
      <Filter>Compression\lzo</Filter>
    </ClInclude>
    <ClInclude Include="rt_lzo_conf.h">
      <Filter>Compression\lzo</Filter>
    </ClInclude>
    <ClInclude Include="rt_lzo_dict.h">
      <Filter>Compression\lzo</Filter>
    </ClInclude>
    <ClInclude Include="rt_lzo_ptr.h">
      <Filter>Compression\lzo</Filter>
    </ClInclude>
    <ClInclude Include="rt_lzoconf.h">
      <Filter>Compression\lzo</Filter>
    </ClInclude>
    <ClInclude Include="rt_lzodefs.h">
      <Filter>Compression\lzo</Filter>
    </ClInclude>
    <ClInclude Include="rt_miniacc.h">
      <Filter>Compression\lzo</Filter>
    </ClInclude>
    <ClInclude Include="xrSyncronize.h" />
  </ItemGroup>
  <ItemGroup>
    <CustomBuild Include="FileSystem.h">
      <Filter>FS</Filter>
    </CustomBuild>
  </ItemGroup>
  <ItemGroup>
    <None Include="rt_lzo1x_d.ch">
      <Filter>Compression\lzo</Filter>
    </None>
    <None Include="rt_lzo1x_c.ch">
      <Filter>Compression\lzo</Filter>
    </None>
    <None Include="rt_lzo1_d.ch">
      <Filter>Compression\lzo</Filter>
    </None>
    <None Include="rt_lzo_swd.ch">
      <Filter>Compression\lzo</Filter>
    </None>
    <None Include="rt_lzo_mchw.ch">
      <Filter>Compression\lzo</Filter>
    </None>
    <None Include="rt_lzo_dll.ch">
      <Filter>Compression\lzo</Filter>
    </None>
  </ItemGroup>
</Project>